{
  "name": "cator-city",
  "version": "0.1.0",
  "lockfileVersion": 1,
  "requires": true,
  "dependencies": {
    "react-native-image-crop-picker": {
      "version": "0.20.0",
      "resolved": "https://registry.npmjs.org/react-native-image-crop-picker/-/react-native-image-crop-picker-0.20.0.tgz",
      "integrity": "sha512-u3OUMuSMpX40FYBwdhn06h/3SSMc6IpKhDwUfednLUKnfAqYi/I1vlqCHamdNKaEWcPO6f/XtBChlA0SEUhx6g=="
    }
  }
}
